
Microsoft Visual Studio Solution File, Format Version 12.00
# Visual Studio Version 17
VisualStudioVersion = 17.4.33213.308
MinimumVisualStudioVersion = 10.0.40219.1
Project("{FAE04EC0-301F-11D3-BF4B-00C04F79EFBC}") = "entyFramework", "entyFramework\entyFramework.csproj", "{6E39A943-4214-42E0-A068-DAFF3697C85A}"
EndProject
Global
	GlobalSection(SolutionConfigurationPlatforms) = preSolution
		Debug|Any CPU = Debug|Any CPU
		Release|Any CPU = Release|Any CPU
	EndGlobalSection
	GlobalSection(ProjectConfigurationPlatforms) = postSolution
		{6E39A943-4214-42E0-A068-DAFF3697C85A}.Debug|Any CPU.ActiveCfg = Debug|Any CPU
		{6E39A943-4214-42E0-A068-DAFF3697C85A}.Debug|Any CPU.Build.0 = Debug|Any CPU
		{6E39A943-4214-42E0-A068-DAFF3697C85A}.Release|Any CPU.ActiveCfg = Release|Any CPU
		{6E39A943-4214-42E0-A068-DAFF3697C85A}.Release|Any CPU.Build.0 = Release|Any CPU
	EndGlobalSection
	GlobalSection(SolutionProperties) = preSolution
		HideSolutionNode = FALSE
	EndGlobalSection
	GlobalSection(ExtensibilityGlobals) = postSolution
		SolutionGuid = {044B2879-E759-47FC-8422-52B9C9110D09}
	EndGlobalSection
EndGlobal
